
Microsoft Visual Studio Solution File, Format Version 12.00
# Visual Studio 15
Project("{FAE04EC0-301F-11D3-BF4B-00C04F79EFBC}") = "Assembly-CSharp", "Assembly-CSharp.csproj", "{DA3A70DC-F85A-0D71-C453-1F4E92C594FB}"
EndProject
Project("{FAE04EC0-301F-11D3-BF4B-00C04F79EFBC}") = "Assembly-CSharp-Editor", "Assembly-CSharp-Editor.csproj", "{C5ABB6FA-5F7C-C823-8B1C-984241156333}"
EndProject
Global
	GlobalSection(SolutionConfigurationPlatforms) = preSolution
		Debug|Any CPU = Debug|Any CPU
		Release|Any CPU = Release|Any CPU
	EndGlobalSection
	GlobalSection(ProjectConfigurationPlatforms) = postSolution
		{DA3A70DC-F85A-0D71-C453-1F4E92C594FB}.Debug|Any CPU.ActiveCfg = Debug|Any CPU
		{DA3A70DC-F85A-0D71-C453-1F4E92C594FB}.Debug|Any CPU.Build.0 = Debug|Any CPU
		{DA3A70DC-F85A-0D71-C453-1F4E92C594FB}.Release|Any CPU.ActiveCfg = Release|Any CPU
		{DA3A70DC-F85A-0D71-C453-1F4E92C594FB}.Release|Any CPU.Build.0 = Release|Any CPU
		{C5ABB6FA-5F7C-C823-8B1C-984241156333}.Debug|Any CPU.ActiveCfg = Debug|Any CPU
		{C5ABB6FA-5F7C-C823-8B1C-984241156333}.Debug|Any CPU.Build.0 = Debug|Any CPU
		{C5ABB6FA-5F7C-C823-8B1C-984241156333}.Release|Any CPU.ActiveCfg = Release|Any CPU
		{C5ABB6FA-5F7C-C823-8B1C-984241156333}.Release|Any CPU.Build.0 = Release|Any CPU
	EndGlobalSection
	GlobalSection(SolutionProperties) = preSolution
		HideSolutionNode = FALSE
	EndGlobalSection
EndGlobal
